dependencies:
- name: minio
  repository: https://charts.min.io/
  version: 5.4.0
- name: haproxy-ingress
  repository: https://haproxy-ingress.github.io/charts
  version: 0.14.7
digest: sha256:72f7d6adcfa5b70ced2bdf95bcab23c476794fd7d91c594cc642fa922ec7241c
generated: "2025-10-30T15:09:03.252668+01:00"
